{
  "name": "vwo-mixpanel-integration",
  "version": "1.0.0",
  "lockfileVersion": 3,
  "requires": true,
  "packages": {
    "": {
      "name": "vwo-mixpanel-integration",
      "version": "1.0.0",
      "license": "ISC",
      "dependencies": {
        "mixpanel-browser": "^2.49.0"
      }
    },
    "node_modules/mixpanel-browser": {
      "version": "2.49.0",
      "resolved": "https://registry.npmjs.org/mixpanel-browser/-/mixpanel-browser-2.49.0.tgz",
      "integrity": "sha512-RZJCO7XXuuHBAWG5fd9Mavz994M7v7W3Qiaq8NzmN631pa4BQ0vNZQtRFqKcCCOBn4xqOZbX2GkuC7ZkQoL4cQ=="
    }
  }
}
